
Microsoft Visual Studio Solution File, Format Version 12.00
# Visual Studio Version 17
VisualStudioVersion = 17.8.34330.188
MinimumVisualStudioVersion = 10.0.40219.1
Project("{FAE04EC0-301F-11D3-BF4B-00C04F79EFBC}") = "Тест открытие", "Тест открытие\Тест открытие.csproj", "{0DD948DC-3807-4EA3-882E-4EF11E9C4F20}"
EndProject
Global
	GlobalSection(SolutionConfigurationPlatforms) = preSolution
		Debug|Any CPU = Debug|Any CPU
		Release|Any CPU = Release|Any CPU
	EndGlobalSection
	GlobalSection(ProjectConfigurationPlatforms) = postSolution
		{0DD948DC-3807-4EA3-882E-4EF11E9C4F20}.Debug|Any CPU.ActiveCfg = Debug|Any CPU
		{0DD948DC-3807-4EA3-882E-4EF11E9C4F20}.Debug|Any CPU.Build.0 = Debug|Any CPU
		{0DD948DC-3807-4EA3-882E-4EF11E9C4F20}.Release|Any CPU.ActiveCfg = Release|Any CPU
		{0DD948DC-3807-4EA3-882E-4EF11E9C4F20}.Release|Any CPU.Build.0 = Release|Any CPU
	EndGlobalSection
	GlobalSection(SolutionProperties) = preSolution
		HideSolutionNode = FALSE
	EndGlobalSection
	GlobalSection(ExtensibilityGlobals) = postSolution
		SolutionGuid = {FB958BC4-CBBC-43B4-88FF-69CC160425CF}
	EndGlobalSection
EndGlobal
